# This file is automatically @generated by Cargo.
# It is not intended for manual editing.
[[package]]
name = "ansi_term"
version = "0.9.0"
source = "registry+https://github.com/rust-lang/crates.io-index"
checksum = "23ac7c30002a5accbf7e8987d0632fa6de155b7c3d39d0067317a391e00a2ef6"

[[package]]
name = "difference"
version = "1.0.0"
source = "registry+https://github.com/rust-lang/crates.io-index"
checksum = "b3304d19798a8e067e48d8e69b2c37f0b5e9b4e462504ad9e27e9f3fce02bba8"

[[package]]
name = "pretty_assertions"
version = "0.4.1"
source = "registry+https://github.com/rust-lang/crates.io-index"
checksum = "28ea5118e2f41bfbc974b28d88c07621befd1fa5d6ec23549be96302a1a59dd2"
dependencies = [
 "ansi_term",
 "difference",
]

[[package]]
name = "testing"
version = "0.1.0"
dependencies = [
 "pretty_assertions",
]
